
Microsoft Visual Studio Solution File, Format Version 12.00
# Visual Studio 15
VisualStudioVersion = 15.0.28010.2041
MinimumVisualStudioVersion = 10.0.40219.1
Project("{8BC9CEB8-8B4A-11D0-8D11-00A0C91BC942}") = "pong-230-tsr", "pong-230-tsr\pong-230-tsr.vcxproj", "{D5D59442-C9CA-4855-A16E-82639263DD96}"
EndProject
Global
	GlobalSection(SolutionConfigurationPlatforms) = preSolution
		Debug|x64 = Debug|x64
		Debug|x86 = Debug|x86
		Release|x64 = Release|x64
		Release|x86 = Release|x86
	EndGlobalSection
	GlobalSection(ProjectConfigurationPlatforms) = postSolution
		{D5D59442-C9CA-4855-A16E-82639263DD96}.Debug|x64.ActiveCfg = Debug|x64
		{D5D59442-C9CA-4855-A16E-82639263DD96}.Debug|x64.Build.0 = Debug|x64
		{D5D59442-C9CA-4855-A16E-82639263DD96}.Debug|x86.ActiveCfg = Debug|Win32
		{D5D59442-C9CA-4855-A16E-82639263DD96}.Debug|x86.Build.0 = Debug|Win32
		{D5D59442-C9CA-4855-A16E-82639263DD96}.Release|x64.ActiveCfg = Release|x64
		{D5D59442-C9CA-4855-A16E-82639263DD96}.Release|x64.Build.0 = Release|x64
		{D5D59442-C9CA-4855-A16E-82639263DD96}.Release|x86.ActiveCfg = Release|Win32
		{D5D59442-C9CA-4855-A16E-82639263DD96}.Release|x86.Build.0 = Release|Win32
	EndGlobalSection
	GlobalSection(SolutionProperties) = preSolution
		HideSolutionNode = FALSE
	EndGlobalSection
	GlobalSection(ExtensibilityGlobals) = postSolution
		SolutionGuid = {39E9FE1E-C536-479F-86CC-E5C2EBCD0F36}
	EndGlobalSection
EndGlobal
